
Microsoft Visual Studio Solution File, Format Version 12.00
# Visual Studio Version 17
VisualStudioVersion = 17.14.36623.8 d17.14
MinimumVisualStudioVersion = 10.0.40219.1
Project("{8BC9CEB8-8B4A-11D0-8D11-00A0C91BC942}") = "Engine", "Engine\Engine.vcxproj", "{35778767-20E8-4284-AB6D-1A56438DC668}"
EndProject
Project("{8BC9CEB8-8B4A-11D0-8D11-00A0C91BC942}") = "Game", "Game\Game.vcxproj", "{70569569-C1FC-4558-8FAC-60D9193EC3F2}"
EndProject
Global
	GlobalSection(SolutionConfigurationPlatforms) = preSolution
		Debug|x64 = Debug|x64
		Release|x64 = Release|x64
	EndGlobalSection
	GlobalSection(ProjectConfigurationPlatforms) = postSolution
		{35778767-20E8-4284-AB6D-1A56438DC668}.Debug|x64.ActiveCfg = Debug|x64
		{35778767-20E8-4284-AB6D-1A56438DC668}.Debug|x64.Build.0 = Debug|x64
		{35778767-20E8-4284-AB6D-1A56438DC668}.Release|x64.ActiveCfg = Release|x64
		{35778767-20E8-4284-AB6D-1A56438DC668}.Release|x64.Build.0 = Release|x64
		{70569569-C1FC-4558-8FAC-60D9193EC3F2}.Debug|x64.ActiveCfg = Debug|x64
		{70569569-C1FC-4558-8FAC-60D9193EC3F2}.Debug|x64.Build.0 = Debug|x64
		{70569569-C1FC-4558-8FAC-60D9193EC3F2}.Release|x64.ActiveCfg = Release|x64
		{70569569-C1FC-4558-8FAC-60D9193EC3F2}.Release|x64.Build.0 = Release|x64
	EndGlobalSection
	GlobalSection(SolutionProperties) = preSolution
		HideSolutionNode = FALSE
	EndGlobalSection
	GlobalSection(ExtensibilityGlobals) = postSolution
		SolutionGuid = {EBACEB2C-0634-4E60-9EAC-A0D0950C7699}
	EndGlobalSection
EndGlobal
