<?xml version="1.0" encoding="utf-8"?>
<Project ToolsVersion="4.0" xmlns="http://schemas.microsoft.com/developer/msbuild/2003">
  <ItemGroup>
    <Filter Include="Engine">
      <UniqueIdentifier>{DBC7D3B0-C769-FE86-B024-12DB9C6585D7}</UniqueIdentifier>
    </Filter>
    <Filter Include="Engine\Events">
      <UniqueIdentifier>{5FAFB439-CB6F-3070-94AA-79ED002A754C}</UniqueIdentifier>
    </Filter>
    <Filter Include="Engine\Layers">
      <UniqueIdentifier>{3A9A9748-A65A-137F-6F95-5CFCDB14585B}</UniqueIdentifier>
    </Filter>
    <Filter Include="Engine\Window">
      <UniqueIdentifier>{6210CB62-CED0-4699-970B-9016038B8B75}</UniqueIdentifier>
    </Filter>
  </ItemGroup>
  <ItemGroup>
    <ClInclude Include="src\Engine.h" />
    <ClInclude Include="src\Engine\Application.h">
      <Filter>Engine</Filter>
    </ClInclude>
    <ClInclude Include="src\Engine\Core.h">
      <Filter>Engine</Filter>
    </ClInclude>
    <ClInclude Include="src\Engine\Entrypoint.h">
      <Filter>Engine</Filter>
    </ClInclude>
    <ClInclude Include="src\Engine\Events\ApplicationEvent.h">
      <Filter>Engine\Events</Filter>
    </ClInclude>
    <ClInclude Include="src\Engine\Events\Event.h">
      <Filter>Engine\Events</Filter>
    </ClInclude>
    <ClInclude Include="src\Engine\Events\KeyEvent.h">
      <Filter>Engine\Events</Filter>
    </ClInclude>
    <ClInclude Include="src\Engine\Events\MouseEvent.h">
      <Filter>Engine\Events</Filter>
    </ClInclude>
    <ClInclude Include="src\Engine\Layers\ImGuiLayer.h">
      <Filter>Engine\Layers</Filter>
    </ClInclude>
    <ClInclude Include="src\Engine\Layers\Layer.h">
      <Filter>Engine\Layers</Filter>
    </ClInclude>
    <ClInclude Include="src\Engine\Layers\LayerStack.h">
      <Filter>Engine\Layers</Filter>
    </ClInclude>
    <ClInclude Include="src\Engine\Logger.h">
      <Filter>Engine</Filter>
    </ClInclude>
    <ClInclude Include="src\Engine\Window\Input.h">
      <Filter>Engine\Window</Filter>
    </ClInclude>
    <ClInclude Include="src\Engine\Window\Window.h">
      <Filter>Engine\Window</Filter>
    </ClInclude>
    <ClInclude Include="src\egpch.h" />
  </ItemGroup>
  <ItemGroup>
    <ClCompile Include="src\Engine\Application.cpp">
      <Filter>Engine</Filter>
    </ClCompile>
    <ClCompile Include="src\Engine\Layers\ImGuiLayer.cpp">
      <Filter>Engine\Layers</Filter>
    </ClCompile>
    <ClCompile Include="src\Engine\Layers\Layer.cpp">
      <Filter>Engine\Layers</Filter>
    </ClCompile>
    <ClCompile Include="src\Engine\Layers\LayerStack.cpp">
      <Filter>Engine\Layers</Filter>
    </ClCompile>
    <ClCompile Include="src\Engine\Logger.cpp">
      <Filter>Engine</Filter>
    </ClCompile>
    <ClCompile Include="src\Engine\Window\Input.cpp">
      <Filter>Engine\Window</Filter>
    </ClCompile>
    <ClCompile Include="src\Engine\Window\Window.cpp">
      <Filter>Engine\Window</Filter>
    </ClCompile>
    <ClCompile Include="src\egpch.cpp" />
  </ItemGroup>
</Project>